
Microsoft Visual Studio Solution File, Format Version 12.00
# Visual Studio 2012
Project("{FAE04EC0-301F-11D3-BF4B-00C04F79EFBC}") = "CreaterXMLAndEntityForIbatis", "CreaterXMLAndEntityForIbatis\CreaterXMLAndEntityForIbatis.csproj", "{945F152B-4A30-4D45-B9D1-7C86A45481E3}"
EndProject
Project("{FAE04EC0-301F-11D3-BF4B-00C04F79EFBC}") = "SpliteSqlFile", "SpliteSqlFile\SpliteSqlFile.csproj", "{A9C67C71-6284-4FB3-8D7C-06D4947B1810}"
EndProject
Global
	GlobalSection(SolutionConfigurationPlatforms) = preSolution
		Debug|Any CPU = Debug|Any CPU
		Release|Any CPU = Release|Any CPU
	EndGlobalSection
	GlobalSection(ProjectConfigurationPlatforms) = postSolution
		{945F152B-4A30-4D45-B9D1-7C86A45481E3}.Debug|Any CPU.ActiveCfg = Debug|Any CPU
		{945F152B-4A30-4D45-B9D1-7C86A45481E3}.Debug|Any CPU.Build.0 = Debug|Any CPU
		{945F152B-4A30-4D45-B9D1-7C86A45481E3}.Release|Any CPU.ActiveCfg = Release|Any CPU
		{945F152B-4A30-4D45-B9D1-7C86A45481E3}.Release|Any CPU.Build.0 = Release|Any CPU
		{A9C67C71-6284-4FB3-8D7C-06D4947B1810}.Debug|Any CPU.ActiveCfg = Debug|Any CPU
		{A9C67C71-6284-4FB3-8D7C-06D4947B1810}.Debug|Any CPU.Build.0 = Debug|Any CPU
		{A9C67C71-6284-4FB3-8D7C-06D4947B1810}.Release|Any CPU.ActiveCfg = Release|Any CPU
		{A9C67C71-6284-4FB3-8D7C-06D4947B1810}.Release|Any CPU.Build.0 = Release|Any CPU
	EndGlobalSection
	GlobalSection(SolutionProperties) = preSolution
		HideSolutionNode = FALSE
	EndGlobalSection
EndGlobal
